
Microsoft Visual Studio Solution File, Format Version 12.00
# Visual Studio Version 17
VisualStudioVersion = 17.5.33516.290
MinimumVisualStudioVersion = 10.0.40219.1
Project("{FAE04EC0-301F-11D3-BF4B-00C04F79EFBC}") = "DialogueCreationKit", "DialogueCreationKit\DialogueCreationKit.csproj", "{029DF3B4-EDE5-44D2-94B4-B703B1DF5649}"
EndProject
Global
	GlobalSection(SolutionConfigurationPlatforms) = preSolution
		Debug|Any CPU = Debug|Any CPU
		Release|Any CPU = Release|Any CPU
	EndGlobalSection
	GlobalSection(ProjectConfigurationPlatforms) = postSolution
		{029DF3B4-EDE5-44D2-94B4-B703B1DF5649}.Debug|Any CPU.ActiveCfg = Debug|Any CPU
		{029DF3B4-EDE5-44D2-94B4-B703B1DF5649}.Debug|Any CPU.Build.0 = Debug|Any CPU
		{029DF3B4-EDE5-44D2-94B4-B703B1DF5649}.Release|Any CPU.ActiveCfg = Release|Any CPU
		{029DF3B4-EDE5-44D2-94B4-B703B1DF5649}.Release|Any CPU.Build.0 = Release|Any CPU
	EndGlobalSection
	GlobalSection(SolutionProperties) = preSolution
		HideSolutionNode = FALSE
	EndGlobalSection
	GlobalSection(ExtensibilityGlobals) = postSolution
		SolutionGuid = {06E0C95D-8654-4BCA-9E9D-A1930E0774D7}
	EndGlobalSection
EndGlobal
